
Microsoft Visual Studio Solution File, Format Version 12.00
# Visual Studio Version 17
VisualStudioVersion = 17.8.34316.72
MinimumVisualStudioVersion = 10.0.40219.1
Project("{FAE04EC0-301F-11D3-BF4B-00C04F79EFBC}") = "ECommerce", "ECommerce.csproj", "{307C8125-6A8D-4937-8BC6-0395BAE9B829}"
EndProject
Global
	GlobalSection(SolutionConfigurationPlatforms) = preSolution
		Debug|Any CPU = Debug|Any CPU
		Release|Any CPU = Release|Any CPU
	EndGlobalSection
	GlobalSection(ProjectConfigurationPlatforms) = postSolution
		{307C8125-6A8D-4937-8BC6-0395BAE9B829}.Debug|Any CPU.ActiveCfg = Debug|Any CPU
		{307C8125-6A8D-4937-8BC6-0395BAE9B829}.Debug|Any CPU.Build.0 = Debug|Any CPU
		{307C8125-6A8D-4937-8BC6-0395BAE9B829}.Release|Any CPU.ActiveCfg = Release|Any CPU
		{307C8125-6A8D-4937-8BC6-0395BAE9B829}.Release|Any CPU.Build.0 = Release|Any CPU
	EndGlobalSection
	GlobalSection(SolutionProperties) = preSolution
		HideSolutionNode = FALSE
	EndGlobalSection
	GlobalSection(ExtensibilityGlobals) = postSolution
		SolutionGuid = {3A5321FE-C482-4A6B-8DCD-EA7AC6E3837D}
	EndGlobalSection
EndGlobal
